Microsoft Visual Studio Solution File, Format Version 12.00
# Visual Studio Version 17
VisualStudioVersion = 17.5.2.0
MinimumVisualStudioVersion = 10.0.40219.1
Project("{FAE04EC0-301F-11D3-BF4B-00C04F79EFBC}") = "AdvancedApp.Tests", "AdvancedApp.Tests\AdvancedApp.Tests.csproj", "{8F50AED0-7E36-47BE-9FA3-C23D848F77BF}"
EndProject
Global
	GlobalSection(SolutionConfigurationPlatforms) = preSolution
		Debug|Any CPU = Debug|Any CPU
		Release|Any CPU = Release|Any CPU
	EndGlobalSection
	GlobalSection(ProjectConfigurationPlatforms) = postSolution
		{8F50AED0-7E36-47BE-9FA3-C23D848F77BF}.Debug|Any CPU.ActiveCfg = Debug|Any CPU
		{8F50AED0-7E36-47BE-9FA3-C23D848F77BF}.Debug|Any CPU.Build.0 = Debug|Any CPU
		{8F50AED0-7E36-47BE-9FA3-C23D848F77BF}.Release|Any CPU.ActiveCfg = Release|Any CPU
		{8F50AED0-7E36-47BE-9FA3-C23D848F77BF}.Release|Any CPU.Build.0 = Release|Any CPU
	EndGlobalSection
	GlobalSection(SolutionProperties) = preSolution
		HideSolutionNode = FALSE
	EndGlobalSection
	GlobalSection(ExtensibilityGlobals) = postSolution
		SolutionGuid = {7F0F6B8D-6753-4E1C-A24F-7FB5C291FAB6}
	EndGlobalSection
EndGlobal
